
Microsoft Visual Studio Solution File, Format Version 12.00
# Visual Studio 2012
Project("{FAE04EC0-301F-11D3-BF4B-00C04F79EFBC}") = "UnityVS.particles.CSharp", "UnityVS.particles.CSharp.csproj", "{1E731D0A-EAF4-49AD-BA42-6DC78ABB40F4}"
EndProject
Project("{FAE04EC0-301F-11D3-BF4B-00C04F79EFBC}") = "UnityVS.particles.CSharp.Plugins", "UnityVS.particles.CSharp.Plugins.csproj", "{529E6B1F-486F-464E-0154-068FE27804DA}"
EndProject
Global
	GlobalSection(SolutionConfigurationPlatforms) = preSolution
		Debug|Any CPU = Debug|Any CPU
		Release|Any CPU = Release|Any CPU
	EndGlobalSection
	GlobalSection(ProjectConfigurationPlatforms) = postSolution
		{1E731D0A-EAF4-49AD-BA42-6DC78ABB40F4}.Debug|Any CPU.ActiveCfg = Debug|Any CPU
		{1E731D0A-EAF4-49AD-BA42-6DC78ABB40F4}.Debug|Any CPU.Build.0 = Debug|Any CPU
		{1E731D0A-EAF4-49AD-BA42-6DC78ABB40F4}.Release|Any CPU.ActiveCfg = Release|Any CPU
		{1E731D0A-EAF4-49AD-BA42-6DC78ABB40F4}.Release|Any CPU.Build.0 = Release|Any CPU
		{529E6B1F-486F-464E-0154-068FE27804DA}.Debug|Any CPU.ActiveCfg = Debug|Any CPU
		{529E6B1F-486F-464E-0154-068FE27804DA}.Debug|Any CPU.Build.0 = Debug|Any CPU
		{529E6B1F-486F-464E-0154-068FE27804DA}.Release|Any CPU.ActiveCfg = Release|Any CPU
		{529E6B1F-486F-464E-0154-068FE27804DA}.Release|Any CPU.Build.0 = Release|Any CPU
	EndGlobalSection
	GlobalSection(SolutionProperties) = preSolution
		HideSolutionNode = FALSE
	EndGlobalSection
EndGlobal
